<?xml version="1.0" encoding="utf-8"?>
<Project ToolsVersion="4.0" xmlns="http://schemas.microsoft.com/developer/msbuild/2003">
  <ItemGroup>
    <Filter Include="Source Files">
      <UniqueIdentifier>{4FC737F1-C7A5-4376-A066-2A32D752A2FF}</UniqueIdentifier>
      <Extensions>cpp;c;cc;cxx;def;odl;idl;hpj;bat;asm;asmx</Extensions>
    </Filter>
    <Filter Include="Header Files">
      <UniqueIdentifier>{93995380-89BD-4b04-88EB-625FBE52EBFB}</UniqueIdentifier>
      <Extensions>h;hh;hpp;hxx;hm;inl;inc;xsd</Extensions>
    </Filter>
    <Filter Include="Header Files\Gui">
      <UniqueIdentifier>{f04794f6-fb80-4246-9bdf-e8bfba239255}</UniqueIdentifier>
    </Filter>
    <Filter Include="Header Files\Misc">
      <UniqueIdentifier>{92218dc4-0d93-47be-bcb8-162cb7d4f33a}</UniqueIdentifier>
    </Filter>
    <Filter Include="Header Files\States">
      <UniqueIdentifier>{9c9cc5f2-ae4d-42ec-9810-d99f609f6959}</UniqueIdentifier>
    </Filter>
    <Filter Include="Header Files\Options">
      <UniqueIdentifier>{13e0916f-30cf-4a45-afdc-d4e9592bfb6b}</UniqueIdentifier>
    </Filter>
    <Filter Include="Header Files\States\Game">
      <UniqueIdentifier>{b5ee805d-4150-49fb-9025-d9be3a9d9238}</UniqueIdentifier>
    </Filter>
    <Filter Include="Header Files\States\MainMenu">
      <UniqueIdentifier>{b0f93de8-d851-48fe-a99f-0eef838f4161}</UniqueIdentifier>
    </Filter>
    <Filter Include="Header Files\States\Load">
      <UniqueIdentifier>{442c9254-0605-4802-9b17-aefe189fcd79}</UniqueIdentifier>
    </Filter>
    <Filter Include="Header Files\Options\Save">
      <UniqueIdentifier>{8ff134b6-0b88-48b3-9ceb-a05a50becce9}</UniqueIdentifier>
    </Filter>
    <Filter Include="Header Files\Options\Gallery">
      <UniqueIdentifier>{ea89ec7c-aef0-48c3-8cc3-c2bb19eb0530}</UniqueIdentifier>
    </Filter>
    <Filter Include="Header Files\Options\General Settings">
      <UniqueIdentifier>{f3284ca9-6791-486e-8b69-1a6058642912}</UniqueIdentifier>
    </Filter>
    <Filter Include="Header Files\Options\Journal">
      <UniqueIdentifier>{a1225c82-92a7-460b-b745-2433db1f67b9}</UniqueIdentifier>
    </Filter>
    <Filter Include="Header Files\Options\Music">
      <UniqueIdentifier>{9d9d3f3e-7339-4057-ad24-afa99843478e}</UniqueIdentifier>
    </Filter>
  </ItemGroup>
  <ItemGroup>
    <ClCompile Include="main.cpp">
      <Filter>Source Files</Filter>
    </ClCompile>
    <ClCompile Include="ResourceManager.cpp">
      <Filter>Header Files\Misc</Filter>
    </ClCompile>
    <ClCompile Include="Options.cpp">
      <Filter>Header Files\Options</Filter>
    </ClCompile>
    <ClCompile Include="Warnings.cpp">
      <Filter>Source Files</Filter>
    </ClCompile>
    <ClCompile Include="GameState.cpp">
      <Filter>Header Files\States\Game</Filter>
    </ClCompile>
    <ClCompile Include="VisualNovelControler.cpp">
      <Filter>Header Files\States\Game</Filter>
    </ClCompile>
    <ClCompile Include="State.cpp">
      <Filter>Header Files\States</Filter>
    </ClCompile>
    <ClCompile Include="Gui.cpp">
      <Filter>Header Files\Gui</Filter>
    </ClCompile>
    <ClCompile Include="MainMenuState.cpp">
      <Filter>Header Files\States\MainMenu</Filter>
    </ClCompile>
    <ClCompile Include="LoadState.cpp">
      <Filter>Header Files\States\Load</Filter>
    </ClCompile>
    <ClCompile Include="SoundEngine.cpp">
      <Filter>Header Files\Misc</Filter>
    </ClCompile>
    <ClCompile Include="SaveGui.cpp">
      <Filter>Header Files\Options\Save</Filter>
    </ClCompile>
    <ClCompile Include="Save.cpp">
      <Filter>Header Files\Options\Save</Filter>
    </ClCompile>
    <ClCompile Include="GeneralSettings.cpp">
      <Filter>Header Files\Options\General Settings</Filter>
    </ClCompile>
    <ClCompile Include="SaveSettings.cpp">
      <Filter>Header Files\Options\Save</Filter>
    </ClCompile>
    <ClCompile Include="CGgallery.cpp">
      <Filter>Header Files\Options\Gallery</Filter>
    </ClCompile>
    <ClCompile Include="Journal.cpp">
      <Filter>Header Files\Options\Journal</Filter>
    </ClCompile>
    <ClCompile Include="Music.cpp">
      <Filter>Header Files\Options\Music</Filter>
    </ClCompile>
  </ItemGroup>
  <ItemGroup>
    <ClInclude Include="Engine.h">
      <Filter>Source Files</Filter>
    </ClInclude>
    <ClInclude Include="Gui.h">
      <Filter>Header Files\Gui</Filter>
    </ClInclude>
    <ClInclude Include="Defines.h">
      <Filter>Header Files\Misc</Filter>
    </ClInclude>
    <ClInclude Include="PlayerInput.h">
      <Filter>Header Files\Misc</Filter>
    </ClInclude>
    <ClInclude Include="ResourceManager.h">
      <Filter>Header Files\Misc</Filter>
    </ClInclude>
    <ClInclude Include="SoundEngine.h">
      <Filter>Header Files\Misc</Filter>
    </ClInclude>
    <ClInclude Include="State.h">
      <Filter>Header Files\States</Filter>
    </ClInclude>
    <ClInclude Include="Options.h">
      <Filter>Header Files\Options</Filter>
    </ClInclude>
    <ClInclude Include="Warnings.h">
      <Filter>Source Files</Filter>
    </ClInclude>
    <ClInclude Include="GameState.h">
      <Filter>Header Files\States\Game</Filter>
    </ClInclude>
    <ClInclude Include="VisualNovelControler.h">
      <Filter>Header Files\States\Game</Filter>
    </ClInclude>
    <ClInclude Include="FXengine.h">
      <Filter>Header Files\States\Game</Filter>
    </ClInclude>
    <ClInclude Include="Scene.h">
      <Filter>Header Files\States\Game</Filter>
    </ClInclude>
    <ClInclude Include="Popup.h">
      <Filter>Header Files\Gui</Filter>
    </ClInclude>
    <ClInclude Include="LoadState.h">
      <Filter>Header Files\States\Load</Filter>
    </ClInclude>
    <ClInclude Include="MainMenuState.h">
      <Filter>Header Files\States\MainMenu</Filter>
    </ClInclude>
    <ClInclude Include="OptionsSubtype.h">
      <Filter>Header Files\Options</Filter>
    </ClInclude>
    <ClInclude Include="SaveGui.h">
      <Filter>Header Files\Options\Save</Filter>
    </ClInclude>
    <ClInclude Include="Save.h">
      <Filter>Header Files\Options\Save</Filter>
    </ClInclude>
    <ClInclude Include="CGgallery.h">
      <Filter>Header Files\Options\Gallery</Filter>
    </ClInclude>
    <ClInclude Include="GeneralSettings.h">
      <Filter>Header Files\Options\General Settings</Filter>
    </ClInclude>
    <ClInclude Include="SaveSettings.h">
      <Filter>Header Files\Options\Save</Filter>
    </ClInclude>
    <ClInclude Include="Journal.h">
      <Filter>Header Files\Options\Journal</Filter>
    </ClInclude>
    <ClInclude Include="Music.h">
      <Filter>Header Files\Options\Music</Filter>
    </ClInclude>
  </ItemGroup>
</Project>