<?xml version="1.0" encoding="utf-8"?>
<Project ToolsVersion="4.0" xmlns="http://schemas.microsoft.com/developer/msbuild/2003">
  <ItemGroup>
    <Filter Include="Source Files">
      <UniqueIdentifier>{4FC737F1-C7A5-4376-A066-2A32D752A2FF}</UniqueIdentifier>
      <Extensions>cpp;c;cc;cxx;def;odl;idl;hpj;bat;asm;asmx</Extensions>
    </Filter>
    <Filter Include="Header Files">
      <UniqueIdentifier>{93995380-89BD-4b04-88EB-625FBE52EBFB}</UniqueIdentifier>
      <Extensions>h;hh;hpp;hxx;hm;inl;inc;xsd</Extensions>
    </Filter>
    <Filter Include="Header Files\Gui">
      <UniqueIdentifier>{f04794f6-fb80-4246-9bdf-e8bfba239255}</UniqueIdentifier>
    </Filter>
    <Filter Include="Header Files\Misc">
      <UniqueIdentifier>{92218dc4-0d93-47be-bcb8-162cb7d4f33a}</UniqueIdentifier>
    </Filter>
    <Filter Include="Header Files\States">
      <UniqueIdentifier>{9c9cc5f2-ae4d-42ec-9810-d99f609f6959}</UniqueIdentifier>
    </Filter>
    <Filter Include="Header Files\Options">
      <UniqueIdentifier>{13e0916f-30cf-4a45-afdc-d4e9592bfb6b}</UniqueIdentifier>
    </Filter>
    <Filter Include="Header Files\States\Game">
      <UniqueIdentifier>{b5ee805d-4150-49fb-9025-d9be3a9d9238}</UniqueIdentifier>
    </Filter>
  </ItemGroup>
  <ItemGroup>
    <ClCompile Include="main.cpp">
      <Filter>Source Files</Filter>
    </ClCompile>
    <ClCompile Include="ResourceManager.cpp">
      <Filter>Header Files\Misc</Filter>
    </ClCompile>
    <ClCompile Include="SoundEngine.cpp">
      <Filter>Header Files\Misc</Filter>
    </ClCompile>
    <ClCompile Include="MainMenuState.cpp">
      <Filter>Header Files\States</Filter>
    </ClCompile>
    <ClCompile Include="Options.cpp">
      <Filter>Header Files\Options</Filter>
    </ClCompile>
    <ClCompile Include="Warnings.cpp">
      <Filter>Source Files</Filter>
    </ClCompile>
    <ClCompile Include="SaveGui.cpp">
      <Filter>Header Files\Options</Filter>
    </ClCompile>
    <ClCompile Include="Save.cpp">
      <Filter>Header Files\Options</Filter>
    </ClCompile>
    <ClCompile Include="GeneralSettings.cpp">
      <Filter>Header Files\Options</Filter>
    </ClCompile>
    <ClCompile Include="GameState.cpp">
      <Filter>Header Files\States\Game</Filter>
    </ClCompile>
    <ClCompile Include="VisualNovelControler.cpp">
      <Filter>Header Files\States\Game</Filter>
    </ClCompile>
    <ClCompile Include="State.cpp">
      <Filter>Header Files\States</Filter>
    </ClCompile>
    <ClCompile Include="StartState.cpp">
      <Filter>Header Files\States</Filter>
    </ClCompile>
    <ClCompile Include="Gui.cpp">
      <Filter>Header Files\Gui</Filter>
    </ClCompile>
  </ItemGroup>
  <ItemGroup>
    <ClInclude Include="Engine.h">
      <Filter>Source Files</Filter>
    </ClInclude>
    <ClInclude Include="Gui.h">
      <Filter>Header Files\Gui</Filter>
    </ClInclude>
    <ClInclude Include="Defines.h">
      <Filter>Header Files\Misc</Filter>
    </ClInclude>
    <ClInclude Include="PlayerInput.h">
      <Filter>Header Files\Misc</Filter>
    </ClInclude>
    <ClInclude Include="ResourceManager.h">
      <Filter>Header Files\Misc</Filter>
    </ClInclude>
    <ClInclude Include="SoundEngine.h">
      <Filter>Header Files\Misc</Filter>
    </ClInclude>
    <ClInclude Include="State.h">
      <Filter>Header Files\States</Filter>
    </ClInclude>
    <ClInclude Include="MainMenuState.h">
      <Filter>Header Files\States</Filter>
    </ClInclude>
    <ClInclude Include="Options.h">
      <Filter>Header Files\Options</Filter>
    </ClInclude>
    <ClInclude Include="Warnings.h">
      <Filter>Source Files</Filter>
    </ClInclude>
    <ClInclude Include="GeneralSettings.h">
      <Filter>Header Files\Options</Filter>
    </ClInclude>
    <ClInclude Include="SaveGui.h">
      <Filter>Header Files\Options</Filter>
    </ClInclude>
    <ClInclude Include="Save.h">
      <Filter>Header Files\Options</Filter>
    </ClInclude>
    <ClInclude Include="GameState.h">
      <Filter>Header Files\States\Game</Filter>
    </ClInclude>
    <ClInclude Include="VisualNovelControler.h">
      <Filter>Header Files\States\Game</Filter>
    </ClInclude>
    <ClInclude Include="FXengine.h">
      <Filter>Header Files\States\Game</Filter>
    </ClInclude>
    <ClInclude Include="StartState.h">
      <Filter>Header Files\States</Filter>
    </ClInclude>
    <ClInclude Include="Scene.h">
      <Filter>Header Files\States\Game</Filter>
    </ClInclude>
    <ClInclude Include="Popup.h">
      <Filter>Header Files\Gui</Filter>
    </ClInclude>
  </ItemGroup>
</Project>